
Microsoft Visual Studio Solution File, Format Version 12.00
# Visual Studio 15
Project("{FAE04EC0-301F-11D3-BF4B-00C04F79EFBC}") = "UnityEngine.UI", "UnityEngine.UI.csproj", "{42AE3719-7803-F58C-648E-84EEF60B5ED7}"
EndProject
Project("{FAE04EC0-301F-11D3-BF4B-00C04F79EFBC}") = "Unity.RenderPipelines.Core.Runtime", "Unity.RenderPipelines.Core.Runtime.csproj", "{E85103AE-35D7-3072-9DF4-9D53CAE55E8F}"
EndProject
Project("{FAE04EC0-301F-11D3-BF4B-00C04F79EFBC}") = "UnityEngine.TestRunner", "UnityEngine.TestRunner.csproj", "{16B90875-391A-5E33-27A6-A9DC3AEA1778}"
EndProject
Project("{FAE04EC0-301F-11D3-BF4B-00C04F79EFBC}") = "Unity.Mathematics", "Unity.Mathematics.csproj", "{3D5A4231-3A56-3D1F-E960-792270199B30}"
EndProject
Project("{FAE04EC0-301F-11D3-BF4B-00C04F79EFBC}") = "Unity.InputSystem", "Unity.InputSystem.csproj", "{7343730D-0362-9CCD-C971-243DC5F5FE2E}"
EndProject
Project("{FAE04EC0-301F-11D3-BF4B-00C04F79EFBC}") = "Unity.RenderPipelines.HighDefinition.Runtime", "Unity.RenderPipelines.HighDefinition.Runtime.csproj", "{CC2B6D46-E1FF-65ED-4DAC-1E8691D38376}"
EndProject
Project("{FAE04EC0-301F-11D3-BF4B-00C04F79EFBC}") = "Unity.RenderPipelines.Universal.Runtime", "Unity.RenderPipelines.Universal.Runtime.csproj", "{0BFFBA50-0054-DCC7-FAF7-5EED7E6E773F}"
EndProject
Project("{FAE04EC0-301F-11D3-BF4B-00C04F79EFBC}") = "Assembly-CSharp", "Assembly-CSharp.csproj", "{F6ACCF7E-609F-9034-6981-7889B9C637F4}"
EndProject
Project("{FAE04EC0-301F-11D3-BF4B-00C04F79EFBC}") = "Unity.TextMeshPro", "Unity.TextMeshPro.csproj", "{D311E31F-4E9E-4929-367B-6C73F1E497B2}"
EndProject
Project("{FAE04EC0-301F-11D3-BF4B-00C04F79EFBC}") = "Unity.VisualEffectGraph.Runtime", "Unity.VisualEffectGraph.Runtime.csproj", "{72F7C095-9AA6-D0E3-5D9E-D06767372A14}"
EndProject
Project("{FAE04EC0-301F-11D3-BF4B-00C04F79EFBC}") = "Cinemachine", "Cinemachine.csproj", "{5E3B9522-1779-57CD-F844-FAB749EE3E93}"
EndProject
Project("{FAE04EC0-301F-11D3-BF4B-00C04F79EFBC}") = "Unity.Timeline", "Unity.Timeline.csproj", "{FC95EDF7-8FCB-50D8-A6D8-7D4ED4B5C10C}"
EndProject
Project("{FAE04EC0-301F-11D3-BF4B-00C04F79EFBC}") = "Unity.RenderPipelines.Core.ShaderLibrary", "Unity.RenderPipelines.Core.ShaderLibrary.csproj", "{69B39289-229E-22DD-1446-15BA0FEEAAC6}"
EndProject
Project("{FAE04EC0-301F-11D3-BF4B-00C04F79EFBC}") = "Unity.RenderPipeline.Universal.ShaderLibrary", "Unity.RenderPipeline.Universal.ShaderLibrary.csproj", "{95BA29F1-1649-6F18-D25F-C3FC582992C6}"
EndProject
Project("{FAE04EC0-301F-11D3-BF4B-00C04F79EFBC}") = "Unity.RenderPipelines.Universal.Shaders", "Unity.RenderPipelines.Universal.Shaders.csproj", "{5F95CAF8-08B3-4EEC-867E-95B0E3BBC889}"
EndProject
Project("{FAE04EC0-301F-11D3-BF4B-00C04F79EFBC}") = "Unity.RenderPipelines.ShaderGraph.ShaderGraphLibrary", "Unity.RenderPipelines.ShaderGraph.ShaderGraphLibrary.csproj", "{31585054-3283-AF4E-EA7C-2A36994C84A1}"
EndProject
Project("{FAE04EC0-301F-11D3-BF4B-00C04F79EFBC}") = "Unity.RenderPipelines.HighDefinition.Config.Runtime", "Unity.RenderPipelines.HighDefinition.Config.Runtime.csproj", "{ED571288-2B3A-8B6E-D4B9-E06388E1EF89}"
EndProject
Project("{FAE04EC0-301F-11D3-BF4B-00C04F79EFBC}") = "Unity.VisualEffectGraph.Editor", "Unity.VisualEffectGraph.Editor.csproj", "{FCB97644-694E-3AF0-CAE3-63006B670060}"
EndProject
Project("{FAE04EC0-301F-11D3-BF4B-00C04F79EFBC}") = "Unity.PlasticSCM.Editor", "Unity.PlasticSCM.Editor.csproj", "{D5E7582C-9A4F-7757-32A2-F59B07568915}"
EndProject
Project("{FAE04EC0-301F-11D3-BF4B-00C04F79EFBC}") = "Unity.RenderPipelines.HighDefinition.Editor", "Unity.RenderPipelines.HighDefinition.Editor.csproj", "{FD63D949-6136-CEBB-497D-5B9FA4649571}"
EndProject
Project("{FAE04EC0-301F-11D3-BF4B-00C04F79EFBC}") = "Unity.ShaderGraph.Editor", "Unity.ShaderGraph.Editor.csproj", "{C5EB9125-3B42-2414-A07C-DA5BB331A4AA}"
EndProject
Project("{FAE04EC0-301F-11D3-BF4B-00C04F79EFBC}") = "Unity.VisualStudio.Editor", "Unity.VisualStudio.Editor.csproj", "{EAD6CCC0-E092-11E3-B665-EBBFD3C25A59}"
EndProject
Project("{FAE04EC0-301F-11D3-BF4B-00C04F79EFBC}") = "Unity.Timeline.Editor", "Unity.Timeline.Editor.csproj", "{D7108C9D-188F-4CB1-E714-44CEEA36C68F}"
EndProject
Project("{FAE04EC0-301F-11D3-BF4B-00C04F79EFBC}") = "com.unity.cinemachine.editor", "com.unity.cinemachine.editor.csproj", "{45F758D0-D79C-1CF5-D6D0-BBF417901D73}"
EndProject
Project("{FAE04EC0-301F-11D3-BF4B-00C04F79EFBC}") = "Unity.TextMeshPro.Editor", "Unity.TextMeshPro.Editor.csproj", "{2DC4B213-8E9E-2893-166D-D619DED88A6B}"
EndProject
Project("{FAE04EC0-301F-11D3-BF4B-00C04F79EFBC}") = "Unity.CollabProxy.Editor", "Unity.CollabProxy.Editor.csproj", "{5CBCA086-0B0E-142D-DBA8-76E3EA3A9304}"
EndProject
Project("{FAE04EC0-301F-11D3-BF4B-00C04F79EFBC}") = "UnityEditor.TestRunner", "UnityEditor.TestRunner.csproj", "{2B03F2AB-9E9A-F716-BC44-D79150A8AE73}"
EndProject
Project("{FAE04EC0-301F-11D3-BF4B-00C04F79EFBC}") = "Unity.Rider.Editor", "Unity.Rider.Editor.csproj", "{2B11320E-6FE0-084F-773D-899B448698D7}"
EndProject
Project("{FAE04EC0-301F-11D3-BF4B-00C04F79EFBC}") = "Unity.RenderPipelines.Universal.Editor", "Unity.RenderPipelines.Universal.Editor.csproj", "{36DD6C82-C9DD-905D-7DF3-65C71B5A131D}"
EndProject
Project("{FAE04EC0-301F-11D3-BF4B-00C04F79EFBC}") = "Unity.Services.Core.Editor", "Unity.Services.Core.Editor.csproj", "{16A69422-2136-68E1-9943-2D34C418E9BC}"
EndProject
Project("{FAE04EC0-301F-11D3-BF4B-00C04F79EFBC}") = "Unity.RenderPipelines.Core.Editor", "Unity.RenderPipelines.Core.Editor.csproj", "{415D0AAA-7EEA-90D5-4742-4702BB9C8205}"
EndProject
Project("{FAE04EC0-301F-11D3-BF4B-00C04F79EFBC}") = "Unity.Searcher.Editor", "Unity.Searcher.Editor.csproj", "{B747FF52-C6D7-31F3-E2E2-2749157B6979}"
EndProject
Project("{FAE04EC0-301F-11D3-BF4B-00C04F79EFBC}") = "Unity.VSCode.Editor", "Unity.VSCode.Editor.csproj", "{1CA1AD9F-DC46-5838-6316-B4DEE2A2D221}"
EndProject
Project("{FAE04EC0-301F-11D3-BF4B-00C04F79EFBC}") = "UnityEditor.UI", "UnityEditor.UI.csproj", "{82403719-286C-AEDF-1CAB-5654C70B158D}"
EndProject
Project("{FAE04EC0-301F-11D3-BF4B-00C04F79EFBC}") = "Unity.Mathematics.Editor", "Unity.Mathematics.Editor.csproj", "{EFA5E3E0-B2AB-6B77-B784-53447C6006D1}"
EndProject
Project("{FAE04EC0-301F-11D3-BF4B-00C04F79EFBC}") = "Unity.ShaderGraph.Utilities", "Unity.ShaderGraph.Utilities.csproj", "{C694CA35-D9DD-4800-A902-8F1EEB8E55F6}"
EndProject
Project("{FAE04EC0-301F-11D3-BF4B-00C04F79EFBC}") = "UnityEngine.UI", "UnityEngine.UI.Player.csproj", "{92BEDFAC-D635-621F-AF7D-702AC769F8C7}"
EndProject
Project("{FAE04EC0-301F-11D3-BF4B-00C04F79EFBC}") = "Unity.RenderPipelines.Core.Runtime", "Unity.RenderPipelines.Core.Runtime.Player.csproj", "{4FA0E7A1-04E0-45D7-AA76-B8FC1B235044}"
EndProject
Project("{FAE04EC0-301F-11D3-BF4B-00C04F79EFBC}") = "UnityEngine.TestRunner", "UnityEngine.TestRunner.Player.csproj", "{AB88FE19-AAC9-5FE2-B808-556B9C2AB401}"
EndProject
Project("{FAE04EC0-301F-11D3-BF4B-00C04F79EFBC}") = "Unity.Mathematics", "Unity.Mathematics.Player.csproj", "{7BC92716-FE63-E8A1-1ADD-35B96E9EEA18}"
EndProject
Project("{FAE04EC0-301F-11D3-BF4B-00C04F79EFBC}") = "Unity.InputSystem", "Unity.InputSystem.Player.csproj", "{010F4568-5C3C-B735-D442-CCFD0D1CC405}"
EndProject
Project("{FAE04EC0-301F-11D3-BF4B-00C04F79EFBC}") = "Unity.RenderPipelines.HighDefinition.Runtime", "Unity.RenderPipelines.HighDefinition.Runtime.Player.csproj", "{3488BA81-0F0B-2279-490B-18BF61A74348}"
EndProject
Project("{FAE04EC0-301F-11D3-BF4B-00C04F79EFBC}") = "Unity.RenderPipelines.Universal.Runtime", "Unity.RenderPipelines.Universal.Runtime.Player.csproj", "{AA23DD5D-F1D7-8194-07A7-D65974E4DD85}"
EndProject
Project("{FAE04EC0-301F-11D3-BF4B-00C04F79EFBC}") = "Assembly-CSharp", "Assembly-CSharp.Player.csproj", "{5DF0F2D3-80FA-96AA-87EC-324A728B9FB2}"
EndProject
Project("{FAE04EC0-301F-11D3-BF4B-00C04F79EFBC}") = "Unity.TextMeshPro", "Unity.TextMeshPro.Player.csproj", "{6D0D80B4-D34C-15C3-D48A-FE144E4A543A}"
EndProject
Project("{FAE04EC0-301F-11D3-BF4B-00C04F79EFBC}") = "Unity.VisualEffectGraph.Runtime", "Unity.VisualEffectGraph.Runtime.Player.csproj", "{C337171F-5194-92B5-F978-6D8EDAD56C31}"
EndProject
Project("{FAE04EC0-301F-11D3-BF4B-00C04F79EFBC}") = "Cinemachine", "Cinemachine.Player.csproj", "{729EC1AF-2912-8904-1877-228CCB641BB9}"
EndProject
Project("{FAE04EC0-301F-11D3-BF4B-00C04F79EFBC}") = "Unity.Timeline", "Unity.Timeline.Player.csproj", "{03714289-F06A-02AB-58A0-83DD4BEEB99F}"
EndProject
Project("{FAE04EC0-301F-11D3-BF4B-00C04F79EFBC}") = "Unity.RenderPipelines.Core.ShaderLibrary", "Unity.RenderPipelines.Core.ShaderLibrary.Player.csproj", "{F6088E88-C7D5-ABEE-4A9F-294FCBCD6EAA}"
EndProject
Project("{FAE04EC0-301F-11D3-BF4B-00C04F79EFBC}") = "Unity.RenderPipeline.Universal.ShaderLibrary", "Unity.RenderPipeline.Universal.ShaderLibrary.Player.csproj", "{9F118185-7390-3341-3754-4DEB30E2607F}"
EndProject
Project("{FAE04EC0-301F-11D3-BF4B-00C04F79EFBC}") = "Unity.RenderPipelines.Universal.Shaders", "Unity.RenderPipelines.Universal.Shaders.Player.csproj", "{12BC4E98-25EC-277D-3D59-B65CEDA344CB}"
EndProject
Project("{FAE04EC0-301F-11D3-BF4B-00C04F79EFBC}") = "Unity.RenderPipelines.ShaderGraph.ShaderGraphLibrary", "Unity.RenderPipelines.ShaderGraph.ShaderGraphLibrary.Player.csproj", "{F109CDAB-2254-D920-D1B6-A2A1BC770AFB}"
EndProject
Project("{FAE04EC0-301F-11D3-BF4B-00C04F79EFBC}") = "Unity.RenderPipelines.HighDefinition.Config.Runtime", "Unity.RenderPipelines.HighDefinition.Config.Runtime.Player.csproj", "{FFCFCABB-07A3-F292-E8EA-29C1F25DD595}"
EndProject
Global
	GlobalSection(SolutionConfigurationPlatforms) = preSolution
		Debug|Any CPU = Debug|Any CPU
		Release|Any CPU = Release|Any CPU
	EndGlobalSection
	GlobalSection(ProjectConfigurationPlatforms) = postSolution
		{42AE3719-7803-F58C-648E-84EEF60B5ED7}.Debug|Any CPU.ActiveCfg = Debug|Any CPU
		{42AE3719-7803-F58C-648E-84EEF60B5ED7}.Debug|Any CPU.Build.0 = Debug|Any CPU
		{42AE3719-7803-F58C-648E-84EEF60B5ED7}.Release|Any CPU.ActiveCfg = Release|Any CPU
		{42AE3719-7803-F58C-648E-84EEF60B5ED7}.Release|Any CPU.Build.0 = Release|Any CPU
		{E85103AE-35D7-3072-9DF4-9D53CAE55E8F}.Debug|Any CPU.ActiveCfg = Debug|Any CPU
		{E85103AE-35D7-3072-9DF4-9D53CAE55E8F}.Debug|Any CPU.Build.0 = Debug|Any CPU
		{E85103AE-35D7-3072-9DF4-9D53CAE55E8F}.Release|Any CPU.ActiveCfg = Release|Any CPU
		{E85103AE-35D7-3072-9DF4-9D53CAE55E8F}.Release|Any CPU.Build.0 = Release|Any CPU
		{16B90875-391A-5E33-27A6-A9DC3AEA1778}.Debug|Any CPU.ActiveCfg = Debug|Any CPU
		{16B90875-391A-5E33-27A6-A9DC3AEA1778}.Debug|Any CPU.Build.0 = Debug|Any CPU
		{16B90875-391A-5E33-27A6-A9DC3AEA1778}.Release|Any CPU.ActiveCfg = Release|Any CPU
		{16B90875-391A-5E33-27A6-A9DC3AEA1778}.Release|Any CPU.Build.0 = Release|Any CPU
		{3D5A4231-3A56-3D1F-E960-792270199B30}.Debug|Any CPU.ActiveCfg = Debug|Any CPU
		{3D5A4231-3A56-3D1F-E960-792270199B30}.Debug|Any CPU.Build.0 = Debug|Any CPU
		{3D5A4231-3A56-3D1F-E960-792270199B30}.Release|Any CPU.ActiveCfg = Release|Any CPU
		{3D5A4231-3A56-3D1F-E960-792270199B30}.Release|Any CPU.Build.0 = Release|Any CPU
		{7343730D-0362-9CCD-C971-243DC5F5FE2E}.Debug|Any CPU.ActiveCfg = Debug|Any CPU
		{7343730D-0362-9CCD-C971-243DC5F5FE2E}.Debug|Any CPU.Build.0 = Debug|Any CPU
		{7343730D-0362-9CCD-C971-243DC5F5FE2E}.Release|Any CPU.ActiveCfg = Release|Any CPU
		{7343730D-0362-9CCD-C971-243DC5F5FE2E}.Release|Any CPU.Build.0 = Release|Any CPU
		{CC2B6D46-E1FF-65ED-4DAC-1E8691D38376}.Debug|Any CPU.ActiveCfg = Debug|Any CPU
		{CC2B6D46-E1FF-65ED-4DAC-1E8691D38376}.Debug|Any CPU.Build.0 = Debug|Any CPU
		{CC2B6D46-E1FF-65ED-4DAC-1E8691D38376}.Release|Any CPU.ActiveCfg = Release|Any CPU
		{CC2B6D46-E1FF-65ED-4DAC-1E8691D38376}.Release|Any CPU.Build.0 = Release|Any CPU
		{0BFFBA50-0054-DCC7-FAF7-5EED7E6E773F}.Debug|Any CPU.ActiveCfg = Debug|Any CPU
		{0BFFBA50-0054-DCC7-FAF7-5EED7E6E773F}.Debug|Any CPU.Build.0 = Debug|Any CPU
		{0BFFBA50-0054-DCC7-FAF7-5EED7E6E773F}.Release|Any CPU.ActiveCfg = Release|Any CPU
		{0BFFBA50-0054-DCC7-FAF7-5EED7E6E773F}.Release|Any CPU.Build.0 = Release|Any CPU
		{F6ACCF7E-609F-9034-6981-7889B9C637F4}.Debug|Any CPU.ActiveCfg = Debug|Any CPU
		{F6ACCF7E-609F-9034-6981-7889B9C637F4}.Debug|Any CPU.Build.0 = Debug|Any CPU
		{F6ACCF7E-609F-9034-6981-7889B9C637F4}.Release|Any CPU.ActiveCfg = Release|Any CPU
		{F6ACCF7E-609F-9034-6981-7889B9C637F4}.Release|Any CPU.Build.0 = Release|Any CPU
		{D311E31F-4E9E-4929-367B-6C73F1E497B2}.Debug|Any CPU.ActiveCfg = Debug|Any CPU
		{D311E31F-4E9E-4929-367B-6C73F1E497B2}.Debug|Any CPU.Build.0 = Debug|Any CPU
		{D311E31F-4E9E-4929-367B-6C73F1E497B2}.Release|Any CPU.ActiveCfg = Release|Any CPU
		{D311E31F-4E9E-4929-367B-6C73F1E497B2}.Release|Any CPU.Build.0 = Release|Any CPU
		{72F7C095-9AA6-D0E3-5D9E-D06767372A14}.Debug|Any CPU.ActiveCfg = Debug|Any CPU
		{72F7C095-9AA6-D0E3-5D9E-D06767372A14}.Debug|Any CPU.Build.0 = Debug|Any CPU
		{72F7C095-9AA6-D0E3-5D9E-D06767372A14}.Release|Any CPU.ActiveCfg = Release|Any CPU
		{72F7C095-9AA6-D0E3-5D9E-D06767372A14}.Release|Any CPU.Build.0 = Release|Any CPU
		{5E3B9522-1779-57CD-F844-FAB749EE3E93}.Debug|Any CPU.ActiveCfg = Debug|Any CPU
		{5E3B9522-1779-57CD-F844-FAB749EE3E93}.Debug|Any CPU.Build.0 = Debug|Any CPU
		{5E3B9522-1779-57CD-F844-FAB749EE3E93}.Release|Any CPU.ActiveCfg = Release|Any CPU
		{5E3B9522-1779-57CD-F844-FAB749EE3E93}.Release|Any CPU.Build.0 = Release|Any CPU
		{FC95EDF7-8FCB-50D8-A6D8-7D4ED4B5C10C}.Debug|Any CPU.ActiveCfg = Debug|Any CPU
		{FC95EDF7-8FCB-50D8-A6D8-7D4ED4B5C10C}.Debug|Any CPU.Build.0 = Debug|Any CPU
		{FC95EDF7-8FCB-50D8-A6D8-7D4ED4B5C10C}.Release|Any CPU.ActiveCfg = Release|Any CPU
		{FC95EDF7-8FCB-50D8-A6D8-7D4ED4B5C10C}.Release|Any CPU.Build.0 = Release|Any CPU
		{69B39289-229E-22DD-1446-15BA0FEEAAC6}.Debug|Any CPU.ActiveCfg = Debug|Any CPU
		{69B39289-229E-22DD-1446-15BA0FEEAAC6}.Debug|Any CPU.Build.0 = Debug|Any CPU
		{69B39289-229E-22DD-1446-15BA0FEEAAC6}.Release|Any CPU.ActiveCfg = Release|Any CPU
		{69B39289-229E-22DD-1446-15BA0FEEAAC6}.Release|Any CPU.Build.0 = Release|Any CPU
		{95BA29F1-1649-6F18-D25F-C3FC582992C6}.Debug|Any CPU.ActiveCfg = Debug|Any CPU
		{95BA29F1-1649-6F18-D25F-C3FC582992C6}.Debug|Any CPU.Build.0 = Debug|Any CPU
		{95BA29F1-1649-6F18-D25F-C3FC582992C6}.Release|Any CPU.ActiveCfg = Release|Any CPU
		{95BA29F1-1649-6F18-D25F-C3FC582992C6}.Release|Any CPU.Build.0 = Release|Any CPU
		{5F95CAF8-08B3-4EEC-867E-95B0E3BBC889}.Debug|Any CPU.ActiveCfg = Debug|Any CPU
		{5F95CAF8-08B3-4EEC-867E-95B0E3BBC889}.Debug|Any CPU.Build.0 = Debug|Any CPU
		{5F95CAF8-08B3-4EEC-867E-95B0E3BBC889}.Release|Any CPU.ActiveCfg = Release|Any CPU
		{5F95CAF8-08B3-4EEC-867E-95B0E3BBC889}.Release|Any CPU.Build.0 = Release|Any CPU
		{31585054-3283-AF4E-EA7C-2A36994C84A1}.Debug|Any CPU.ActiveCfg = Debug|Any CPU
		{31585054-3283-AF4E-EA7C-2A36994C84A1}.Debug|Any CPU.Build.0 = Debug|Any CPU
		{31585054-3283-AF4E-EA7C-2A36994C84A1}.Release|Any CPU.ActiveCfg = Release|Any CPU
		{31585054-3283-AF4E-EA7C-2A36994C84A1}.Release|Any CPU.Build.0 = Release|Any CPU
		{ED571288-2B3A-8B6E-D4B9-E06388E1EF89}.Debug|Any CPU.ActiveCfg = Debug|Any CPU
		{ED571288-2B3A-8B6E-D4B9-E06388E1EF89}.Debug|Any CPU.Build.0 = Debug|Any CPU
		{ED571288-2B3A-8B6E-D4B9-E06388E1EF89}.Release|Any CPU.ActiveCfg = Release|Any CPU
		{ED571288-2B3A-8B6E-D4B9-E06388E1EF89}.Release|Any CPU.Build.0 = Release|Any CPU
		{FCB97644-694E-3AF0-CAE3-63006B670060}.Debug|Any CPU.ActiveCfg = Debug|Any CPU
		{FCB97644-694E-3AF0-CAE3-63006B670060}.Debug|Any CPU.Build.0 = Debug|Any CPU
		{FCB97644-694E-3AF0-CAE3-63006B670060}.Release|Any CPU.ActiveCfg = Release|Any CPU
		{FCB97644-694E-3AF0-CAE3-63006B670060}.Release|Any CPU.Build.0 = Release|Any CPU
		{D5E7582C-9A4F-7757-32A2-F59B07568915}.Debug|Any CPU.ActiveCfg = Debug|Any CPU
		{D5E7582C-9A4F-7757-32A2-F59B07568915}.Debug|Any CPU.Build.0 = Debug|Any CPU
		{D5E7582C-9A4F-7757-32A2-F59B07568915}.Release|Any CPU.ActiveCfg = Release|Any CPU
		{D5E7582C-9A4F-7757-32A2-F59B07568915}.Release|Any CPU.Build.0 = Release|Any CPU
		{FD63D949-6136-CEBB-497D-5B9FA4649571}.Debug|Any CPU.ActiveCfg = Debug|Any CPU
		{FD63D949-6136-CEBB-497D-5B9FA4649571}.Debug|Any CPU.Build.0 = Debug|Any CPU
		{FD63D949-6136-CEBB-497D-5B9FA4649571}.Release|Any CPU.ActiveCfg = Release|Any CPU
		{FD63D949-6136-CEBB-497D-5B9FA4649571}.Release|Any CPU.Build.0 = Release|Any CPU
		{C5EB9125-3B42-2414-A07C-DA5BB331A4AA}.Debug|Any CPU.ActiveCfg = Debug|Any CPU
		{C5EB9125-3B42-2414-A07C-DA5BB331A4AA}.Debug|Any CPU.Build.0 = Debug|Any CPU
		{C5EB9125-3B42-2414-A07C-DA5BB331A4AA}.Release|Any CPU.ActiveCfg = Release|Any CPU
		{C5EB9125-3B42-2414-A07C-DA5BB331A4AA}.Release|Any CPU.Build.0 = Release|Any CPU
		{EAD6CCC0-E092-11E3-B665-EBBFD3C25A59}.Debug|Any CPU.ActiveCfg = Debug|Any CPU
		{EAD6CCC0-E092-11E3-B665-EBBFD3C25A59}.Debug|Any CPU.Build.0 = Debug|Any CPU
		{EAD6CCC0-E092-11E3-B665-EBBFD3C25A59}.Release|Any CPU.ActiveCfg = Release|Any CPU
		{EAD6CCC0-E092-11E3-B665-EBBFD3C25A59}.Release|Any CPU.Build.0 = Release|Any CPU
		{D7108C9D-188F-4CB1-E714-44CEEA36C68F}.Debug|Any CPU.ActiveCfg = Debug|Any CPU
		{D7108C9D-188F-4CB1-E714-44CEEA36C68F}.Debug|Any CPU.Build.0 = Debug|Any CPU
		{D7108C9D-188F-4CB1-E714-44CEEA36C68F}.Release|Any CPU.ActiveCfg = Release|Any CPU
		{D7108C9D-188F-4CB1-E714-44CEEA36C68F}.Release|Any CPU.Build.0 = Release|Any CPU
		{45F758D0-D79C-1CF5-D6D0-BBF417901D73}.Debug|Any CPU.ActiveCfg = Debug|Any CPU
		{45F758D0-D79C-1CF5-D6D0-BBF417901D73}.Debug|Any CPU.Build.0 = Debug|Any CPU
		{45F758D0-D79C-1CF5-D6D0-BBF417901D73}.Release|Any CPU.ActiveCfg = Release|Any CPU
		{45F758D0-D79C-1CF5-D6D0-BBF417901D73}.Release|Any CPU.Build.0 = Release|Any CPU
		{2DC4B213-8E9E-2893-166D-D619DED88A6B}.Debug|Any CPU.ActiveCfg = Debug|Any CPU
		{2DC4B213-8E9E-2893-166D-D619DED88A6B}.Debug|Any CPU.Build.0 = Debug|Any CPU
		{2DC4B213-8E9E-2893-166D-D619DED88A6B}.Release|Any CPU.ActiveCfg = Release|Any CPU
		{2DC4B213-8E9E-2893-166D-D619DED88A6B}.Release|Any CPU.Build.0 = Release|Any CPU
		{5CBCA086-0B0E-142D-DBA8-76E3EA3A9304}.Debug|Any CPU.ActiveCfg = Debug|Any CPU
		{5CBCA086-0B0E-142D-DBA8-76E3EA3A9304}.Debug|Any CPU.Build.0 = Debug|Any CPU
		{5CBCA086-0B0E-142D-DBA8-76E3EA3A9304}.Release|Any CPU.ActiveCfg = Release|Any CPU
		{5CBCA086-0B0E-142D-DBA8-76E3EA3A9304}.Release|Any CPU.Build.0 = Release|Any CPU
		{2B03F2AB-9E9A-F716-BC44-D79150A8AE73}.Debug|Any CPU.ActiveCfg = Debug|Any CPU
		{2B03F2AB-9E9A-F716-BC44-D79150A8AE73}.Debug|Any CPU.Build.0 = Debug|Any CPU
		{2B03F2AB-9E9A-F716-BC44-D79150A8AE73}.Release|Any CPU.ActiveCfg = Release|Any CPU
		{2B03F2AB-9E9A-F716-BC44-D79150A8AE73}.Release|Any CPU.Build.0 = Release|Any CPU
		{2B11320E-6FE0-084F-773D-899B448698D7}.Debug|Any CPU.ActiveCfg = Debug|Any CPU
		{2B11320E-6FE0-084F-773D-899B448698D7}.Debug|Any CPU.Build.0 = Debug|Any CPU
		{2B11320E-6FE0-084F-773D-899B448698D7}.Release|Any CPU.ActiveCfg = Release|Any CPU
		{2B11320E-6FE0-084F-773D-899B448698D7}.Release|Any CPU.Build.0 = Release|Any CPU
		{36DD6C82-C9DD-905D-7DF3-65C71B5A131D}.Debug|Any CPU.ActiveCfg = Debug|Any CPU
		{36DD6C82-C9DD-905D-7DF3-65C71B5A131D}.Debug|Any CPU.Build.0 = Debug|Any CPU
		{36DD6C82-C9DD-905D-7DF3-65C71B5A131D}.Release|Any CPU.ActiveCfg = Release|Any CPU
		{36DD6C82-C9DD-905D-7DF3-65C71B5A131D}.Release|Any CPU.Build.0 = Release|Any CPU
		{16A69422-2136-68E1-9943-2D34C418E9BC}.Debug|Any CPU.ActiveCfg = Debug|Any CPU
		{16A69422-2136-68E1-9943-2D34C418E9BC}.Debug|Any CPU.Build.0 = Debug|Any CPU
		{16A69422-2136-68E1-9943-2D34C418E9BC}.Release|Any CPU.ActiveCfg = Release|Any CPU
		{16A69422-2136-68E1-9943-2D34C418E9BC}.Release|Any CPU.Build.0 = Release|Any CPU
		{415D0AAA-7EEA-90D5-4742-4702BB9C8205}.Debug|Any CPU.ActiveCfg = Debug|Any CPU
		{415D0AAA-7EEA-90D5-4742-4702BB9C8205}.Debug|Any CPU.Build.0 = Debug|Any CPU
		{415D0AAA-7EEA-90D5-4742-4702BB9C8205}.Release|Any CPU.ActiveCfg = Release|Any CPU
		{415D0AAA-7EEA-90D5-4742-4702BB9C8205}.Release|Any CPU.Build.0 = Release|Any CPU
		{B747FF52-C6D7-31F3-E2E2-2749157B6979}.Debug|Any CPU.ActiveCfg = Debug|Any CPU
		{B747FF52-C6D7-31F3-E2E2-2749157B6979}.Debug|Any CPU.Build.0 = Debug|Any CPU
		{B747FF52-C6D7-31F3-E2E2-2749157B6979}.Release|Any CPU.ActiveCfg = Release|Any CPU
		{B747FF52-C6D7-31F3-E2E2-2749157B6979}.Release|Any CPU.Build.0 = Release|Any CPU
		{1CA1AD9F-DC46-5838-6316-B4DEE2A2D221}.Debug|Any CPU.ActiveCfg = Debug|Any CPU
		{1CA1AD9F-DC46-5838-6316-B4DEE2A2D221}.Debug|Any CPU.Build.0 = Debug|Any CPU
		{1CA1AD9F-DC46-5838-6316-B4DEE2A2D221}.Release|Any CPU.ActiveCfg = Release|Any CPU
		{1CA1AD9F-DC46-5838-6316-B4DEE2A2D221}.Release|Any CPU.Build.0 = Release|Any CPU
		{82403719-286C-AEDF-1CAB-5654C70B158D}.Debug|Any CPU.ActiveCfg = Debug|Any CPU
		{82403719-286C-AEDF-1CAB-5654C70B158D}.Debug|Any CPU.Build.0 = Debug|Any CPU
		{82403719-286C-AEDF-1CAB-5654C70B158D}.Release|Any CPU.ActiveCfg = Release|Any CPU
		{82403719-286C-AEDF-1CAB-5654C70B158D}.Release|Any CPU.Build.0 = Release|Any CPU
		{EFA5E3E0-B2AB-6B77-B784-53447C6006D1}.Debug|Any CPU.ActiveCfg = Debug|Any CPU
		{EFA5E3E0-B2AB-6B77-B784-53447C6006D1}.Debug|Any CPU.Build.0 = Debug|Any CPU
		{EFA5E3E0-B2AB-6B77-B784-53447C6006D1}.Release|Any CPU.ActiveCfg = Release|Any CPU
		{EFA5E3E0-B2AB-6B77-B784-53447C6006D1}.Release|Any CPU.Build.0 = Release|Any CPU
		{C694CA35-D9DD-4800-A902-8F1EEB8E55F6}.Debug|Any CPU.ActiveCfg = Debug|Any CPU
		{C694CA35-D9DD-4800-A902-8F1EEB8E55F6}.Debug|Any CPU.Build.0 = Debug|Any CPU
		{C694CA35-D9DD-4800-A902-8F1EEB8E55F6}.Release|Any CPU.ActiveCfg = Release|Any CPU
		{C694CA35-D9DD-4800-A902-8F1EEB8E55F6}.Release|Any CPU.Build.0 = Release|Any CPU
		{92BEDFAC-D635-621F-AF7D-702AC769F8C7}.Debug|Any CPU.ActiveCfg = Debug|Any CPU
		{92BEDFAC-D635-621F-AF7D-702AC769F8C7}.Debug|Any CPU.Build.0 = Debug|Any CPU
		{92BEDFAC-D635-621F-AF7D-702AC769F8C7}.Release|Any CPU.ActiveCfg = Release|Any CPU
		{92BEDFAC-D635-621F-AF7D-702AC769F8C7}.Release|Any CPU.Build.0 = Release|Any CPU
		{4FA0E7A1-04E0-45D7-AA76-B8FC1B235044}.Debug|Any CPU.ActiveCfg = Debug|Any CPU
		{4FA0E7A1-04E0-45D7-AA76-B8FC1B235044}.Debug|Any CPU.Build.0 = Debug|Any CPU
		{4FA0E7A1-04E0-45D7-AA76-B8FC1B235044}.Release|Any CPU.ActiveCfg = Release|Any CPU
		{4FA0E7A1-04E0-45D7-AA76-B8FC1B235044}.Release|Any CPU.Build.0 = Release|Any CPU
		{AB88FE19-AAC9-5FE2-B808-556B9C2AB401}.Debug|Any CPU.ActiveCfg = Debug|Any CPU
		{AB88FE19-AAC9-5FE2-B808-556B9C2AB401}.Debug|Any CPU.Build.0 = Debug|Any CPU
		{AB88FE19-AAC9-5FE2-B808-556B9C2AB401}.Release|Any CPU.ActiveCfg = Release|Any CPU
		{AB88FE19-AAC9-5FE2-B808-556B9C2AB401}.Release|Any CPU.Build.0 = Release|Any CPU
		{7BC92716-FE63-E8A1-1ADD-35B96E9EEA18}.Debug|Any CPU.ActiveCfg = Debug|Any CPU
		{7BC92716-FE63-E8A1-1ADD-35B96E9EEA18}.Debug|Any CPU.Build.0 = Debug|Any CPU
		{7BC92716-FE63-E8A1-1ADD-35B96E9EEA18}.Release|Any CPU.ActiveCfg = Release|Any CPU
		{7BC92716-FE63-E8A1-1ADD-35B96E9EEA18}.Release|Any CPU.Build.0 = Release|Any CPU
		{010F4568-5C3C-B735-D442-CCFD0D1CC405}.Debug|Any CPU.ActiveCfg = Debug|Any CPU
		{010F4568-5C3C-B735-D442-CCFD0D1CC405}.Debug|Any CPU.Build.0 = Debug|Any CPU
		{010F4568-5C3C-B735-D442-CCFD0D1CC405}.Release|Any CPU.ActiveCfg = Release|Any CPU
		{010F4568-5C3C-B735-D442-CCFD0D1CC405}.Release|Any CPU.Build.0 = Release|Any CPU
		{3488BA81-0F0B-2279-490B-18BF61A74348}.Debug|Any CPU.ActiveCfg = Debug|Any CPU
		{3488BA81-0F0B-2279-490B-18BF61A74348}.Debug|Any CPU.Build.0 = Debug|Any CPU
		{3488BA81-0F0B-2279-490B-18BF61A74348}.Release|Any CPU.ActiveCfg = Release|Any CPU
		{3488BA81-0F0B-2279-490B-18BF61A74348}.Release|Any CPU.Build.0 = Release|Any CPU
		{AA23DD5D-F1D7-8194-07A7-D65974E4DD85}.Debug|Any CPU.ActiveCfg = Debug|Any CPU
		{AA23DD5D-F1D7-8194-07A7-D65974E4DD85}.Debug|Any CPU.Build.0 = Debug|Any CPU
		{AA23DD5D-F1D7-8194-07A7-D65974E4DD85}.Release|Any CPU.ActiveCfg = Release|Any CPU
		{AA23DD5D-F1D7-8194-07A7-D65974E4DD85}.Release|Any CPU.Build.0 = Release|Any CPU
		{5DF0F2D3-80FA-96AA-87EC-324A728B9FB2}.Debug|Any CPU.ActiveCfg = Debug|Any CPU
		{5DF0F2D3-80FA-96AA-87EC-324A728B9FB2}.Debug|Any CPU.Build.0 = Debug|Any CPU
		{5DF0F2D3-80FA-96AA-87EC-324A728B9FB2}.Release|Any CPU.ActiveCfg = Release|Any CPU
		{5DF0F2D3-80FA-96AA-87EC-324A728B9FB2}.Release|Any CPU.Build.0 = Release|Any CPU
		{6D0D80B4-D34C-15C3-D48A-FE144E4A543A}.Debug|Any CPU.ActiveCfg = Debug|Any CPU
		{6D0D80B4-D34C-15C3-D48A-FE144E4A543A}.Debug|Any CPU.Build.0 = Debug|Any CPU
		{6D0D80B4-D34C-15C3-D48A-FE144E4A543A}.Release|Any CPU.ActiveCfg = Release|Any CPU
		{6D0D80B4-D34C-15C3-D48A-FE144E4A543A}.Release|Any CPU.Build.0 = Release|Any CPU
		{C337171F-5194-92B5-F978-6D8EDAD56C31}.Debug|Any CPU.ActiveCfg = Debug|Any CPU
		{C337171F-5194-92B5-F978-6D8EDAD56C31}.Debug|Any CPU.Build.0 = Debug|Any CPU
		{C337171F-5194-92B5-F978-6D8EDAD56C31}.Release|Any CPU.ActiveCfg = Release|Any CPU
		{C337171F-5194-92B5-F978-6D8EDAD56C31}.Release|Any CPU.Build.0 = Release|Any CPU
		{729EC1AF-2912-8904-1877-228CCB641BB9}.Debug|Any CPU.ActiveCfg = Debug|Any CPU
		{729EC1AF-2912-8904-1877-228CCB641BB9}.Debug|Any CPU.Build.0 = Debug|Any CPU
		{729EC1AF-2912-8904-1877-228CCB641BB9}.Release|Any CPU.ActiveCfg = Release|Any CPU
		{729EC1AF-2912-8904-1877-228CCB641BB9}.Release|Any CPU.Build.0 = Release|Any CPU
		{03714289-F06A-02AB-58A0-83DD4BEEB99F}.Debug|Any CPU.ActiveCfg = Debug|Any CPU
		{03714289-F06A-02AB-58A0-83DD4BEEB99F}.Debug|Any CPU.Build.0 = Debug|Any CPU
		{03714289-F06A-02AB-58A0-83DD4BEEB99F}.Release|Any CPU.ActiveCfg = Release|Any CPU
		{03714289-F06A-02AB-58A0-83DD4BEEB99F}.Release|Any CPU.Build.0 = Release|Any CPU
		{F6088E88-C7D5-ABEE-4A9F-294FCBCD6EAA}.Debug|Any CPU.ActiveCfg = Debug|Any CPU
		{F6088E88-C7D5-ABEE-4A9F-294FCBCD6EAA}.Debug|Any CPU.Build.0 = Debug|Any CPU
		{F6088E88-C7D5-ABEE-4A9F-294FCBCD6EAA}.Release|Any CPU.ActiveCfg = Release|Any CPU
		{F6088E88-C7D5-ABEE-4A9F-294FCBCD6EAA}.Release|Any CPU.Build.0 = Release|Any CPU
		{9F118185-7390-3341-3754-4DEB30E2607F}.Debug|Any CPU.ActiveCfg = Debug|Any CPU
		{9F118185-7390-3341-3754-4DEB30E2607F}.Debug|Any CPU.Build.0 = Debug|Any CPU
		{9F118185-7390-3341-3754-4DEB30E2607F}.Release|Any CPU.ActiveCfg = Release|Any CPU
		{9F118185-7390-3341-3754-4DEB30E2607F}.Release|Any CPU.Build.0 = Release|Any CPU
		{12BC4E98-25EC-277D-3D59-B65CEDA344CB}.Debug|Any CPU.ActiveCfg = Debug|Any CPU
		{12BC4E98-25EC-277D-3D59-B65CEDA344CB}.Debug|Any CPU.Build.0 = Debug|Any CPU
		{12BC4E98-25EC-277D-3D59-B65CEDA344CB}.Release|Any CPU.ActiveCfg = Release|Any CPU
		{12BC4E98-25EC-277D-3D59-B65CEDA344CB}.Release|Any CPU.Build.0 = Release|Any CPU
		{F109CDAB-2254-D920-D1B6-A2A1BC770AFB}.Debug|Any CPU.ActiveCfg = Debug|Any CPU
		{F109CDAB-2254-D920-D1B6-A2A1BC770AFB}.Debug|Any CPU.Build.0 = Debug|Any CPU
		{F109CDAB-2254-D920-D1B6-A2A1BC770AFB}.Release|Any CPU.ActiveCfg = Release|Any CPU
		{F109CDAB-2254-D920-D1B6-A2A1BC770AFB}.Release|Any CPU.Build.0 = Release|Any CPU
		{FFCFCABB-07A3-F292-E8EA-29C1F25DD595}.Debug|Any CPU.ActiveCfg = Debug|Any CPU
		{FFCFCABB-07A3-F292-E8EA-29C1F25DD595}.Debug|Any CPU.Build.0 = Debug|Any CPU
		{FFCFCABB-07A3-F292-E8EA-29C1F25DD595}.Release|Any CPU.ActiveCfg = Release|Any CPU
		{FFCFCABB-07A3-F292-E8EA-29C1F25DD595}.Release|Any CPU.Build.0 = Release|Any CPU
	EndGlobalSection
	GlobalSection(SolutionProperties) = preSolution
		HideSolutionNode = FALSE
	EndGlobalSection
EndGlobal
